
Microsoft Visual Studio Solution File, Format Version 12.00
# Visual Studio Version 16
VisualStudioVersion = 16.0.30225.117
MinimumVisualStudioVersion = 10.0.40219.1
Project("{FAE04EC0-301F-11D3-BF4B-00C04F79EFBC}") = "EmloyeeManagement", "EmloyeeManagement\EmloyeeManagement.csproj", "{60224A3D-0C2F-491D-AE2F-B337B6C35B65}"
EndProject
Global
	GlobalSection(SolutionConfigurationPlatforms) = preSolution
		Debug|Any CPU = Debug|Any CPU
		Release|Any CPU = Release|Any CPU
	EndGlobalSection
	GlobalSection(ProjectConfigurationPlatforms) = postSolution
		{60224A3D-0C2F-491D-AE2F-B337B6C35B65}.Debug|Any CPU.ActiveCfg = Debug|Any CPU
		{60224A3D-0C2F-491D-AE2F-B337B6C35B65}.Debug|Any CPU.Build.0 = Debug|Any CPU
		{60224A3D-0C2F-491D-AE2F-B337B6C35B65}.Release|Any CPU.ActiveCfg = Release|Any CPU
		{60224A3D-0C2F-491D-AE2F-B337B6C35B65}.Release|Any CPU.Build.0 = Release|Any CPU
	EndGlobalSection
	GlobalSection(SolutionProperties) = preSolution
		HideSolutionNode = FALSE
	EndGlobalSection
	GlobalSection(ExtensibilityGlobals) = postSolution
		SolutionGuid = {AC24B780-358B-44B6-AF08-C48D51F54B5E}
	EndGlobalSection
EndGlobal
